
Microsoft Visual Studio Solution File, Format Version 12.00
# Visual Studio Version 17
VisualStudioVersion = 17.3.32811.315
MinimumVisualStudioVersion = 10.0.40219.1
Project("{FAE04EC0-301F-11D3-BF4B-00C04F79EFBC}") = "KafkaIntgrationTestsInGithubActions", "KafkaIntgrationTestsInGithubActions.csproj", "{0C0216ED-3824-4BC6-8D73-73AC0B631CC5}"
EndProject
Global
	GlobalSection(SolutionConfigurationPlatforms) = preSolution
		Debug|Any CPU = Debug|Any CPU
		Release|Any CPU = Release|Any CPU
	EndGlobalSection
	GlobalSection(ProjectConfigurationPlatforms) = postSolution
		{0C0216ED-3824-4BC6-8D73-73AC0B631CC5}.Debug|Any CPU.ActiveCfg = Debug|Any CPU
		{0C0216ED-3824-4BC6-8D73-73AC0B631CC5}.Debug|Any CPU.Build.0 = Debug|Any CPU
		{0C0216ED-3824-4BC6-8D73-73AC0B631CC5}.Release|Any CPU.ActiveCfg = Release|Any CPU
		{0C0216ED-3824-4BC6-8D73-73AC0B631CC5}.Release|Any CPU.Build.0 = Release|Any CPU
	EndGlobalSection
	GlobalSection(SolutionProperties) = preSolution
		HideSolutionNode = FALSE
	EndGlobalSection
	GlobalSection(ExtensibilityGlobals) = postSolution
		SolutionGuid = {C51440FB-1621-45B3-95F7-7DAEF5F04453}
	EndGlobalSection
EndGlobal
